// !$*UTF8*$!
{
	archiveVersion = 1;
	classes = {
	};
	objectVersion = 55;
	objects = {

/* Begin PBXBuildFile section */
		A76C3B6D29AE9B6000AC51CA /* AppDelegate.swift in Sources */ = {isa = PBXBuildFile; fileRef = A76C3B6C29AE9B6000AC51CA /* AppDelegate.swift */; };
		A76C3B6F29AE9B6000AC51CA /* GameScene.sks in Resources */ = {isa = PBXBuildFile; fileRef = A76C3B6E29AE9B6000AC51CA /* GameScene.sks */; };
		A76C3B7329AE9B6000AC51CA /* GameScene.swift in Sources */ = {isa = PBXBuildFile; fileRef = A76C3B7229AE9B6000AC51CA /* GameScene.swift */; };
		A76C3B7529AE9B6000AC51CA /* GameViewController.swift in Sources */ = {isa = PBXBuildFile; fileRef = A76C3B7429AE9B6000AC51CA /* GameViewController.swift */; };
		A76C3B7829AE9B6000AC51CA /* Main.storyboard in Resources */ = {isa = PBXBuildFile; fileRef = A76C3B7629AE9B6000AC51CA /* Main.storyboard */; };
		A76C3B7A29AE9B6200AC51CA /* Assets.xcassets in Resources */ = {isa = PBXBuildFile; fileRef = A76C3B7929AE9B6200AC51CA /* Assets.xcassets */; };
		A76C3B7D29AE9B6200AC51CA /* LaunchScreen.storyboard in Resources */ = {isa = PBXBuildFile; fileRef = A76C3B7B29AE9B6200AC51CA /* LaunchScreen.storyboard */; };
		A76C3B9029AEA83D00AC51CA /* explode.sks in Resources */ = {isa = PBXBuildFile; fileRef = A76C3B8E29AEA83D00AC51CA /* explode.sks */; };
		A76C3B9129AEA83D00AC51CA /* fuse.sks in Resources */ = {isa = PBXBuildFile; fileRef = A76C3B8F29AEA83D00AC51CA /* fuse.sks */; };
		A76C3B9329AEA86600AC51CA /* spark.png in Resources */ = {isa = PBXBuildFile; fileRef = A76C3B9229AEA86600AC51CA /* spark.png */; };
/* End PBXBuildFile section */

/* Begin PBXFileReference section */
		A76C3B6929AE9B6000AC51CA /* Project20.app */ = {isa = PBXFileReference; explicitFileType = wrapper.application; includeInIndex = 0; path = Project20.app; sourceTree = BUILT_PRODUCTS_DIR; };
		A76C3B6C29AE9B6000AC51CA /* AppDelegate.swift */ = {isa = PBXFileReference; lastKnownFileType = sourcecode.swift; path = AppDelegate.swift; sourceTree = "<group>"; };
		A76C3B6E29AE9B6000AC51CA /* GameScene.sks */ = {isa = PBXFileReference; lastKnownFileType = file.sks; path = GameScene.sks; sourceTree = "<group>"; };
		A76C3B7229AE9B6000AC51CA /* GameScene.swift */ = {isa = PBXFileReference; lastKnownFileType = sourcecode.swift; path = GameScene.swift; sourceTree = "<group>"; };
		A76C3B7429AE9B6000AC51CA /* GameViewController.swift */ = {isa = PBXFileReference; lastKnownFileType = sourcecode.swift; path = GameViewController.swift; sourceTree = "<group>"; };
		A76C3B7729AE9B6000AC51CA /* Base */ = {isa = PBXFileReference; lastKnownFileType = file.storyboard; name = Base; path = Base.lproj/Main.storyboard; sourceTree = "<group>"; };
		A76C3B7929AE9B6200AC51CA /* Assets.xcassets */ = {isa = PBXFileReference; lastKnownFileType = folder.assetcatalog; path = Assets.xcassets; sourceTree = "<group>"; };
		A76C3B7C29AE9B6200AC51CA /* Base */ = {isa = PBXFileReference; lastKnownFileType = file.storyboard; name = Base; path = Base.lproj/LaunchScreen.storyboard; sourceTree = "<group>"; };
		A76C3B8E29AEA83D00AC51CA /* explode.sks */ = {isa = PBXFileReference; lastKnownFileType = file.sks; path = explode.sks; sourceTree = "<group>"; };
		A76C3B8F29AEA83D00AC51CA /* fuse.sks */ = {isa = PBXFileReference; lastKnownFileType = file.sks; path = fuse.sks; sourceTree = "<group>"; };
		A76C3B9229AEA86600AC51CA /* spark.png */ = {isa = PBXFileReference; lastKnownFileType = image.png; path = spark.png; sourceTree = "<group>"; };
/* End PBXFileReference section */

/* Begin PBXFrameworksBuildPhase section */
		A76C3B6629AE9B6000AC51CA /* Frameworks */ = {
			isa = PBXFrameworksBuildPhase;
			buildActionMask = 2147483647;
			files = (
			);
			runOnlyForDeploymentPostprocessing = 0;
		};
/* End PBXFrameworksBuildPhase section */

/* Begin PBXGroup section */
		A76C3B6029AE9B6000AC51CA = {
			isa = PBXGroup;
			children = (
				A76C3B6B29AE9B6000AC51CA /* Project20 */,
				A76C3B6A29AE9B6000AC51CA /* Products */,
			);
			sourceTree = "<group>";
		};
		A76C3B6A29AE9B6000AC51CA /* Products */ = {
			isa = PBXGroup;
			children = (
				A76C3B6929AE9B6000AC51CA /* Project20.app */,
			);
			name = Products;
			sourceTree = "<group>";
		};
		A76C3B6B29AE9B6000AC51CA /* Project20 */ = {
			isa = PBXGroup;
			children = (
				A76C3B6C29AE9B6000AC51CA /* AppDelegate.swift */,
				A76C3B6E29AE9B6000AC51CA /* GameScene.sks */,
				A76C3B7229AE9B6000AC51CA /* GameScene.swift */,
				A76C3B7429AE9B6000AC51CA /* GameViewController.swift */,
				A76C3B7629AE9B6000AC51CA /* Main.storyboard */,
				A76C3B7929AE9B6200AC51CA /* Assets.xcassets */,
				A76C3B7B29AE9B6200AC51CA /* LaunchScreen.storyboard */,
				A76C3B8E29AEA83D00AC51CA /* explode.sks */,
				A76C3B8F29AEA83D00AC51CA /* fuse.sks */,
				A76C3B9229AEA86600AC51CA /* spark.png */,
			);
			path = Project20;
			sourceTree = "<group>";
		};
/* End PBXGroup section */

/* Begin PBXNativeTarget section */
		A76C3B6829AE9B6000AC51CA /* Project20 */ = {
			isa = PBXNativeTarget;
			buildConfigurationList = A76C3B8029AE9B6200AC51CA /* Build configuration list for PBXNativeTarget "Project20" */;
			buildPhases = (
				A76C3B6529AE9B6000AC51CA /* Sources */,
				A76C3B6629AE9B6000AC51CA /* Frameworks */,
				A76C3B6729AE9B6000AC51CA /* Resources */,
			);
			buildRules = (
			);
			dependencies = (
			);
			name = Project20;
			productName = Project20;
			productReference = A76C3B6929AE9B6000AC51CA /* Project20.app */;
			productType = "com.apple.product-type.application";
		};
/* End PBXNativeTarget section */

/* Begin PBXProject section */
		A76C3B6129AE9B6000AC51CA /* Project object */ = {
			isa = PBXProject;
			attributes = {
				BuildIndependentTargetsInParallel = 1;
				LastSwiftUpdateCheck = 1300;
				LastUpgradeCheck = 1300;
				TargetAttributes = {
					A76C3B6829AE9B6000AC51CA = {
						CreatedOnToolsVersion = 13.0;
					};
				};
			};
			buildConfigurationList = A76C3B6429AE9B6000AC51CA /* Build configuration list for PBXProject "Project20" */;
			compatibilityVersion = "Xcode 13.0";
			developmentRegion = en;
			hasScannedForEncodings = 0;
			knownRegions = (
				en,
				Base,
			);
			mainGroup = A76C3B6029AE9B6000AC51CA;
			productRefGroup = A76C3B6A29AE9B6000AC51CA /* Products */;
			projectDirPath = "";
			projectRoot = "";
			targets = (
				A76C3B6829AE9B6000AC51CA /* Project20 */,
			);
		};
/* End PBXProject section */

/* Begin PBXResourcesBuildPhase section */
		A76C3B6729AE9B6000AC51CA /* Resources */ = {
			isa = PBXResourcesBuildPhase;
			buildActionMask = 2147483647;
			files = (
				A76C3B7829AE9B6000AC51CA /* Main.storyboard in Resources */,
				A76C3B6F29AE9B6000AC51CA /* GameScene.sks in Resources */,
				A76C3B9129AEA83D00AC51CA /* fuse.sks in Resources */,
				A76C3B9329AEA86600AC51CA /* spark.png in Resources */,
				A76C3B7A29AE9B6200AC51CA /* Assets.xcassets in Resources */,
				A76C3B9029AEA83D00AC51CA /* explode.sks in Resources */,
				A76C3B7D29AE9B6200AC51CA /* LaunchScreen.storyboard in Resources */,
			);
			runOnlyForDeploymentPostprocessing = 0;
		};
/* End PBXResourcesBuildPhase section */

/* Begin PBXSourcesBuildPhase section */
		A76C3B6529AE9B6000AC51CA /* Sources */ = {
			isa = PBXSourcesBuildPhase;
			buildActionMask = 2147483647;
			files = (
				A76C3B7329AE9B6000AC51CA /* GameScene.swift in Sources */,
				A76C3B7529AE9B6000AC51CA /* GameViewController.swift in Sources */,
				A76C3B6D29AE9B6000AC51CA /* AppDelegate.swift in Sources */,
			);
			runOnlyForDeploymentPostprocessing = 0;
		};
/* End PBXSourcesBuildPhase section */

/* Begin PBXVariantGroup section */
		A76C3B7629AE9B6000AC51CA /* Main.storyboard */ = {
			isa = PBXVariantGroup;
			children = (
				A76C3B7729AE9B6000AC51CA /* Base */,
			);
			name = Main.storyboard;
			sourceTree = "<group>";
		};
		A76C3B7B29AE9B6200AC51CA /* LaunchScreen.storyboard */ = {
			isa = PBXVariantGroup;
			children = (
				A76C3B7C29AE9B6200AC51CA /* Base */,
			);
			name = LaunchScreen.storyboard;
			sourceTree = "<group>";
		};
/* End PBXVariantGroup section */

/* Begin XCBuildConfiguration section */
		A76C3B7E29AE9B6200AC51CA /* Debug */ = {
			isa = XCBuildConfiguration;
			buildSettings = {
				ALWAYS_SEARCH_USER_PATHS = NO;
				CLANG_ANALYZER_NONNULL = YES;
				CLANG_ANALYZER_NUMBER_OBJECT_CONVERSION = YES_AGGRESSIVE;
				CLANG_CXX_LANGUAGE_STANDARD = "gnu++17";
				CLANG_CXX_LIBRARY = "libc++";
				CLANG_ENABLE_MODULES = YES;
				CLANG_ENABLE_OBJC_ARC = YES;
				CLANG_ENABLE_OBJC_WEAK = YES;
				CLANG_WARN_BLOCK_CAPTURE_AUTORELEASING = YES;
				CLANG_WARN_BOOL_CONVERSION = YES;
				CLANG_WARN_COMMA = YES;
				CLANG_WARN_CONSTANT_CONVERSION = YES;
				CLANG_WARN_DEPRECATED_OBJC_IMPLEMENTATIONS = YES;
				CLANG_WARN_DIRECT_OBJC_ISA_USAGE = YES_ERROR;
				CLANG_WARN_DOCUMENTATION_COMMENTS = YES;
				CLANG_WARN_EMPTY_BODY = YES;
				CLANG_WARN_ENUM_CONVERSION = YES;
				CLANG_WARN_INFINITE_RECURSION = YES;
				CLANG_WARN_INT_CONVERSION = YES;
				CLANG_WARN_NON_LITERAL_NULL_CONVERSION = YES;
				CLANG_WARN_OBJC_IMPLICIT_RETAIN_SELF = YES;
				CLANG_WARN_OBJC_LITERAL_CONVERSION = YES;
				CLANG_WARN_OBJC_ROOT_CLASS = YES_ERROR;
				CLANG_WARN_QUOTED_INCLUDE_IN_FRAMEWORK_HEADER = YES;
				CLANG_WARN_RANGE_LOOP_ANALYSIS = YES;
				CLANG_WARN_STRICT_PROTOTYPES = YES;
				CLANG_WARN_SUSPICIOUS_MOVE = YES;
				CLANG_WARN_UNGUARDED_AVAILABILITY = YES_AGGRESSIVE;
				CLANG_WARN_UNREACHABLE_CODE = YES;
				CLANG_WARN__DUPLICATE_METHOD_MATCH = YES;
				COPY_PHASE_STRIP = NO;
				DEBUG_INFORMATION_FORMAT = dwarf;
				ENABLE_STRICT_OBJC_MSGSEND = YES;
				ENABLE_TESTABILITY = YES;
				GCC_C_LANGUAGE_STANDARD = gnu11;
				GCC_DYNAMIC_NO_PIC = NO;
				GCC_NO_COMMON_BLOCKS = YES;
				GCC_OPTIMIZATION_LEVEL = 0;
				GCC_PREPROCESSOR_DEFINITIONS = (
					"DEBUG=1",
					"$(inherited)",
				);
				GCC_WARN_64_TO_32_BIT_CONVERSION = YES;
				GCC_WARN_ABOUT_RETURN_TYPE = YES_ERROR;
				GCC_WARN_UNDECLARED_SELECTOR = YES;
				GCC_WARN_UNINITIALIZED_AUTOS = YES_AGGRESSIVE;
				GCC_WARN_UNUSED_FUNCTION = YES;
				GCC_WARN_UNUSED_VARIABLE = YES;
				IPHONEOS_DEPLOYMENT_TARGET = 15.0;
				MTL_ENABLE_DEBUG_INFO = INCLUDE_SOURCE;
				MTL_FAST_MATH = YES;
				ONLY_ACTIVE_ARCH = YES;
				SDKROOT = iphoneos;
				SWIFT_ACTIVE_COMPILATION_CONDITIONS = DEBUG;
				SWIFT_OPTIMIZATION_LEVEL = "-Onone";
			};
			name = Debug;
		};
		A76C3B7F29AE9B6200AC51CA /* Release */ = {
			isa = XCBuildConfiguration;
			buildSettings = {
				ALWAYS_SEARCH_USER_PATHS = NO;
				CLANG_ANALYZER_NONNULL = YES;
				CLANG_ANALYZER_NUMBER_OBJECT_CONVERSION = YES_AGGRESSIVE;
				CLANG_CXX_LANGUAGE_STANDARD = "gnu++17";
				CLANG_CXX_LIBRARY = "libc++";
				CLANG_ENABLE_MODULES = YES;
				CLANG_ENABLE_OBJC_ARC = YES;
				CLANG_ENABLE_OBJC_WEAK = YES;
				CLANG_WARN_BLOCK_CAPTURE_AUTORELEASING = YES;
				CLANG_WARN_BOOL_CONVERSION = YES;
				CLANG_WARN_COMMA = YES;
				CLANG_WARN_CONSTANT_CONVERSION = YES;
				CLANG_WARN_DEPRECATED_OBJC_IMPLEMENTATIONS = YES;
				CLANG_WARN_DIRECT_OBJC_ISA_USAGE = YES_ERROR;
				CLANG_WARN_DOCUMENTATION_COMMENTS = YES;
				CLANG_WARN_EMPTY_BODY = YES;
				CLANG_WARN_ENUM_CONVERSION = YES;
				CLANG_WARN_INFINITE_RECURSION = YES;
				CLANG_WARN_INT_CONVERSION = YES;
				CLANG_WARN_NON_LITERAL_NULL_CONVERSION = YES;
				CLANG_WARN_OBJC_IMPLICIT_RETAIN_SELF = YES;
				CLANG_WARN_OBJC_LITERAL_CONVERSION = YES;
				CLANG_WARN_OBJC_ROOT_CLASS = YES_ERROR;
				CLANG_WARN_QUOTED_INCLUDE_IN_FRAMEWORK_HEADER = YES;
				CLANG_WARN_RANGE_LOOP_ANALYSIS = YES;
				CLANG_WARN_STRICT_PROTOTYPES = YES;
				CLANG_WARN_SUSPICIOUS_MOVE = YES;
				CLANG_WARN_UNGUARDED_AVAILABILITY = YES_AGGRESSIVE;
				CLANG_WARN_UNREACHABLE_CODE = YES;
				CLANG_WARN__DUPLICATE_METHOD_MATCH = YES;
				COPY_PHASE_STRIP = NO;
				DEBUG_INFORMATION_FORMAT = "dwarf-with-dsym";
				ENABLE_NS_ASSERTIONS = NO;
				ENABLE_STRICT_OBJC_MSGSEND = YES;
				GCC_C_LANGUAGE_STANDARD = gnu11;
				GCC_NO_COMMON_BLOCKS = YES;
				GCC_WARN_64_TO_32_BIT_CONVERSION = YES;
				GCC_WARN_ABOUT_RETURN_TYPE = YES_ERROR;
				GCC_WARN_UNDECLARED_SELECTOR = YES;
				GCC_WARN_UNINITIALIZED_AUTOS = YES_AGGRESSIVE;
				GCC_WARN_UNUSED_FUNCTION = YES;
				GCC_WARN_UNUSED_VARIABLE = YES;
				IPHONEOS_DEPLOYMENT_TARGET = 15.0;
				MTL_ENABLE_DEBUG_INFO = NO;
				MTL_FAST_MATH = YES;
				SDKROOT = iphoneos;
				SWIFT_COMPILATION_MODE = wholemodule;
				SWIFT_OPTIMIZATION_LEVEL = "-O";
				VALIDATE_PRODUCT = YES;
			};
			name = Release;
		};
		A76C3B8129AE9B6200AC51CA /* Debug */ = {
			isa = XCBuildConfiguration;
			buildSettings = {
				ASSETCATALOG_COMPILER_APPICON_NAME = AppIcon;
				ASSETCATALOG_COMPILER_GLOBAL_ACCENT_COLOR_NAME = AccentColor;
				CODE_SIGN_STYLE = Automatic;
				CURRENT_PROJECT_VERSION = 1;
				GENERATE_INFOPLIST_FILE = YES;
				INFOPLIST_KEY_UIApplicationSupportsIndirectInputEvents = YES;
				INFOPLIST_KEY_UILaunchStoryboardName = LaunchScreen;
				INFOPLIST_KEY_UIMainStoryboardFile = Main;
				INFOPLIST_KEY_UIStatusBarHidden = YES;
				INFOPLIST_KEY_UISupportedInterfaceOrientations_iPad = "UIInterfaceOrientationLandscapeLeft UIInterfaceOrientationLandscapeRight";
				INFOPLIST_KEY_UISupportedInterfaceOrientations_iPhone = "UIInterfaceOrientationPortrait UIInterfaceOrientationLandscapeLeft UIInterfaceOrientationLandscapeRight";
				LD_RUNPATH_SEARCH_PATHS = (
					"$(inherited)",
					"@executable_path/Frameworks",
				);
				MARKETING_VERSION = 1.0;
				PRODUCT_BUNDLE_IDENTIFIER = com.preynolds1406.Project20;
				PRODUCT_NAME = "$(TARGET_NAME)";
				SWIFT_EMIT_LOC_STRINGS = YES;
				SWIFT_VERSION = 5.0;
				TARGETED_DEVICE_FAMILY = 2;
			};
			name = Debug;
		};
		A76C3B8229AE9B6200AC51CA /* Release */ = {
			isa = XCBuildConfiguration;
			buildSettings = {
				ASSETCATALOG_COMPILER_APPICON_NAME = AppIcon;
				ASSETCATALOG_COMPILER_GLOBAL_ACCENT_COLOR_NAME = AccentColor;
				CODE_SIGN_STYLE = Automatic;
				CURRENT_PROJECT_VERSION = 1;
				GENERATE_INFOPLIST_FILE = YES;
				INFOPLIST_KEY_UIApplicationSupportsIndirectInputEvents = YES;
				INFOPLIST_KEY_UILaunchStoryboardName = LaunchScreen;
				INFOPLIST_KEY_UIMainStoryboardFile = Main;
				INFOPLIST_KEY_UIStatusBarHidden = YES;
				INFOPLIST_KEY_UISupportedInterfaceOrientations_iPad = "UIInterfaceOrientationLandscapeLeft UIInterfaceOrientationLandscapeRight";
				INFOPLIST_KEY_UISupportedInterfaceOrientations_iPhone = "UIInterfaceOrientationPortrait UIInterfaceOrientationLandscapeLeft UIInterfaceOrientationLandscapeRight";
				LD_RUNPATH_SEARCH_PATHS = (
					"$(inherited)",
					"@executable_path/Frameworks",
				);
				MARKETING_VERSION = 1.0;
				PRODUCT_BUNDLE_IDENTIFIER = com.preynolds1406.Project20;
				PRODUCT_NAME = "$(TARGET_NAME)";
				SWIFT_EMIT_LOC_STRINGS = YES;
				SWIFT_VERSION = 5.0;
				TARGETED_DEVICE_FAMILY = 2;
			};
			name = Release;
		};
/* End XCBuildConfiguration section */

/* Begin XCConfigurationList section */
		A76C3B6429AE9B6000AC51CA /* Build configuration list for PBXProject "Project20" */ = {
			isa = XCConfigurationList;
			buildConfigurations = (
				A76C3B7E29AE9B6200AC51CA /* Debug */,
				A76C3B7F29AE9B6200AC51CA /* Release */,
			);
			defaultConfigurationIsVisible = 0;
			defaultConfigurationName = Release;
		};
		A76C3B8029AE9B6200AC51CA /* Build configuration list for PBXNativeTarget "Project20" */ = {
			isa = XCConfigurationList;
			buildConfigurations = (
				A76C3B8129AE9B6200AC51CA /* Debug */,
				A76C3B8229AE9B6200AC51CA /* Release */,
			);
			defaultConfigurationIsVisible = 0;
			defaultConfigurationName = Release;
		};
/* End XCConfigurationList section */
	};
	rootObject = A76C3B6129AE9B6000AC51CA /* Project object */;
}
